dependencies:
- name: keycloak
  repository: file://./charts/keycloak
  version: 1.0.0
- name: kafka
  repository: file://./charts/kafka
  version: 1.0.0
- name: zipkin
  repository: https://zipkin.io/zipkin-helm
  version: 0.4.0
- name: prometheus
  repository: https://prometheus-community.github.io/helm-charts
  version: 27.39.0
- name: grafana
  repository: https://grafana.github.io/helm-charts
  version: 10.0.0
- name: logstash
  repository: https://helm.elastic.co
  version: 8.5.1
- name: elasticsearch
  repository: https://helm.elastic.co
  version: 8.5.1
- name: kibana
  repository: https://helm.elastic.co
  version: 8.5.1
- name: account
  repository: file://./charts/account
  version: 1.0.0
- name: blocker
  repository: file://./charts/blocker
  version: 1.0.0
- name: cash
  repository: file://./charts/cash
  version: 1.0.0
- name: exchange-generator
  repository: file://./charts/exchange-generator
  version: 1.0.0
- name: exchange
  repository: file://./charts/exchange
  version: 1.0.0
- name: front
  repository: file://./charts/front
  version: 1.0.0
- name: notifications
  repository: file://./charts/notifications
  version: 1.0.0
- name: transfer
  repository: file://./charts/transfer
  version: 1.0.0
digest: sha256:25d58fbfed94b5ec822b28f2a41b6a357b8b9fc46f7182726b4e892eeab708aa
generated: "2025-10-11T21:36:19.5752557+03:00"
